// !$*UTF8*$!
{
	archiveVersion = 1;
	classes = {
	};
	objectVersion = 56;
	objects = {

/* Begin PBXBuildFile section */
		040EB2932BAD892E001ACF00 /* RiveApp.swift in Sources */ = {isa = PBXBuildFile; fileRef = 040EB2922BAD892E001ACF00 /* RiveApp.swift */; };
		040EB2952BAD892E001ACF00 /* ContentView.swift in Sources */ = {isa = PBXBuildFile; fileRef = 040EB2942BAD892E001ACF00 /* ContentView.swift */; };
		040EB2972BAD8930001ACF00 /* Assets.xcassets in Resources */ = {isa = PBXBuildFile; fileRef = 040EB2962BAD8930001ACF00 /* Assets.xcassets */; };
		040EB29A2BAD8930001ACF00 /* Preview Assets.xcassets in Resources */ = {isa = PBXBuildFile; fileRef = 040EB2992BAD8930001ACF00 /* Preview Assets.xcassets */; };
		040EB2A92BB00D3E001ACF00 /* button.riv in Resources */ = {isa = PBXBuildFile; fileRef = 040EB2A12BB00D3E001ACF00 /* button.riv */; };
		040EB2AA2BB00D3E001ACF00 /* check.riv in Resources */ = {isa = PBXBuildFile; fileRef = 040EB2A22BB00D3E001ACF00 /* check.riv */; };
		040EB2AB2BB00D3E001ACF00 /* confetti.riv in Resources */ = {isa = PBXBuildFile; fileRef = 040EB2A32BB00D3E001ACF00 /* confetti.riv */; };
		040EB2AC2BB00D3E001ACF00 /* house.riv in Resources */ = {isa = PBXBuildFile; fileRef = 040EB2A42BB00D3E001ACF00 /* house.riv */; };
		040EB2AD2BB00D3E001ACF00 /* icons.riv in Resources */ = {isa = PBXBuildFile; fileRef = 040EB2A52BB00D3E001ACF00 /* icons.riv */; };
		040EB2AE2BB00D3E001ACF00 /* menu_button.riv in Resources */ = {isa = PBXBuildFile; fileRef = 040EB2A62BB00D3E001ACF00 /* menu_button.riv */; };
		040EB2AF2BB00D3E001ACF00 /* shapes.riv in Resources */ = {isa = PBXBuildFile; fileRef = 040EB2A72BB00D3E001ACF00 /* shapes.riv */; };
		040EB2B32BB00D46001ACF00 /* Course.swift in Sources */ = {isa = PBXBuildFile; fileRef = 040EB2B02BB00D46001ACF00 /* Course.swift */; };
		040EB2B42BB00D46001ACF00 /* CourseSection.swift in Sources */ = {isa = PBXBuildFile; fileRef = 040EB2B12BB00D46001ACF00 /* CourseSection.swift */; };
		040EB2B92BB00D59001ACF00 /* Circle.svg in Resources */ = {isa = PBXBuildFile; fileRef = 040EB2B52BB00D59001ACF00 /* Circle.svg */; };
		040EB2BA2BB00D59001ACF00 /* Hexagon.svg in Resources */ = {isa = PBXBuildFile; fileRef = 040EB2B62BB00D59001ACF00 /* Hexagon.svg */; };
		040EB2BB2BB00D59001ACF00 /* Triangle.svg in Resources */ = {isa = PBXBuildFile; fileRef = 040EB2B72BB00D59001ACF00 /* Triangle.svg */; };
		040EB2C02BB00D5E001ACF00 /* Inter-Regular.ttf in Resources */ = {isa = PBXBuildFile; fileRef = 040EB2BC2BB00D5E001ACF00 /* Inter-Regular.ttf */; };
		040EB2C12BB00D5E001ACF00 /* Inter-SemiBold.ttf in Resources */ = {isa = PBXBuildFile; fileRef = 040EB2BD2BB00D5E001ACF00 /* Inter-SemiBold.ttf */; };
		040EB2C22BB00D5E001ACF00 /* Poppins-Bold.ttf in Resources */ = {isa = PBXBuildFile; fileRef = 040EB2BE2BB00D5E001ACF00 /* Poppins-Bold.ttf */; };
		040EB2C72BB00DB1001ACF00 /* OnboardingView.swift in Sources */ = {isa = PBXBuildFile; fileRef = 040EB2C62BB00DB1001ACF00 /* OnboardingView.swift */; };
		040EB2CA2BB0111F001ACF00 /* CustomFont.swift in Sources */ = {isa = PBXBuildFile; fileRef = 040EB2C92BB0111F001ACF00 /* CustomFont.swift */; };
		040EB2CC2BB013DD001ACF00 /* SignInView.swift in Sources */ = {isa = PBXBuildFile; fileRef = 040EB2CB2BB013DD001ACF00 /* SignInView.swift */; };
		040EB2CE2BB015DF001ACF00 /* CustomTextField.swift in Sources */ = {isa = PBXBuildFile; fileRef = 040EB2CD2BB015DF001ACF00 /* CustomTextField.swift */; };
		040EB2D02BB01960001ACF00 /* Extensions.swift in Sources */ = {isa = PBXBuildFile; fileRef = 040EB2CF2BB01960001ACF00 /* Extensions.swift */; };
		040EB2E02BB037AF001ACF00 /* RiveRuntime in Frameworks */ = {isa = PBXBuildFile; productRef = 040EB2DF2BB037AF001ACF00 /* RiveRuntime */; };
		040EB2E22BB037EC001ACF00 /* TabBar.swift in Sources */ = {isa = PBXBuildFile; fileRef = 040EB2E12BB037EC001ACF00 /* TabBar.swift */; };
		040EB2E42BB170FD001ACF00 /* VCard.swift in Sources */ = {isa = PBXBuildFile; fileRef = 040EB2E32BB170FD001ACF00 /* VCard.swift */; };
		040EB2E82BB177DF001ACF00 /* HCard.swift in Sources */ = {isa = PBXBuildFile; fileRef = 040EB2E72BB177DF001ACF00 /* HCard.swift */; };
		040EB2EA2BB17878001ACF00 /* HomeView.swift in Sources */ = {isa = PBXBuildFile; fileRef = 040EB2E92BB17878001ACF00 /* HomeView.swift */; };
		040EB2EC2BB17BF0001ACF00 /* SideMenu.swift in Sources */ = {isa = PBXBuildFile; fileRef = 040EB2EB2BB17BF0001ACF00 /* SideMenu.swift */; };
		040EB2EE2BB1850D001ACF00 /* MenuRow.swift in Sources */ = {isa = PBXBuildFile; fileRef = 040EB2ED2BB1850D001ACF00 /* MenuRow.swift */; };
/* End PBXBuildFile section */

/* Begin PBXFileReference section */
		040EB28F2BAD892E001ACF00 /* Rive.app */ = {isa = PBXFileReference; explicitFileType = wrapper.application; includeInIndex = 0; path = Rive.app; sourceTree = BUILT_PRODUCTS_DIR; };
		040EB2922BAD892E001ACF00 /* RiveApp.swift */ = {isa = PBXFileReference; lastKnownFileType = sourcecode.swift; path = RiveApp.swift; sourceTree = "<group>"; };
		040EB2942BAD892E001ACF00 /* ContentView.swift */ = {isa = PBXFileReference; lastKnownFileType = sourcecode.swift; path = ContentView.swift; sourceTree = "<group>"; };
		040EB2962BAD8930001ACF00 /* Assets.xcassets */ = {isa = PBXFileReference; lastKnownFileType = folder.assetcatalog; path = Assets.xcassets; sourceTree = "<group>"; };
		040EB2992BAD8930001ACF00 /* Preview Assets.xcassets */ = {isa = PBXFileReference; lastKnownFileType = folder.assetcatalog; path = "Preview Assets.xcassets"; sourceTree = "<group>"; };
		040EB2A12BB00D3E001ACF00 /* button.riv */ = {isa = PBXFileReference; lastKnownFileType = file; path = button.riv; sourceTree = "<group>"; };
		040EB2A22BB00D3E001ACF00 /* check.riv */ = {isa = PBXFileReference; lastKnownFileType = file; path = check.riv; sourceTree = "<group>"; };
		040EB2A32BB00D3E001ACF00 /* confetti.riv */ = {isa = PBXFileReference; lastKnownFileType = file; path = confetti.riv; sourceTree = "<group>"; };
		040EB2A42BB00D3E001ACF00 /* house.riv */ = {isa = PBXFileReference; lastKnownFileType = file; path = house.riv; sourceTree = "<group>"; };
		040EB2A52BB00D3E001ACF00 /* icons.riv */ = {isa = PBXFileReference; lastKnownFileType = file; path = icons.riv; sourceTree = "<group>"; };
		040EB2A62BB00D3E001ACF00 /* menu_button.riv */ = {isa = PBXFileReference; lastKnownFileType = file; path = menu_button.riv; sourceTree = "<group>"; };
		040EB2A72BB00D3E001ACF00 /* shapes.riv */ = {isa = PBXFileReference; lastKnownFileType = file; path = shapes.riv; sourceTree = "<group>"; };
		040EB2B02BB00D46001ACF00 /* Course.swift */ = {isa = PBXFileReference; fileEncoding = 4; lastKnownFileType = sourcecode.swift; path = Course.swift; sourceTree = "<group>"; };
		040EB2B12BB00D46001ACF00 /* CourseSection.swift */ = {isa = PBXFileReference; fileEncoding = 4; lastKnownFileType = sourcecode.swift; path = CourseSection.swift; sourceTree = "<group>"; };
		040EB2B52BB00D59001ACF00 /* Circle.svg */ = {isa = PBXFileReference; fileEncoding = 4; lastKnownFileType = text; path = Circle.svg; sourceTree = "<group>"; };
		040EB2B62BB00D59001ACF00 /* Hexagon.svg */ = {isa = PBXFileReference; fileEncoding = 4; lastKnownFileType = text; path = Hexagon.svg; sourceTree = "<group>"; };
		040EB2B72BB00D59001ACF00 /* Triangle.svg */ = {isa = PBXFileReference; fileEncoding = 4; lastKnownFileType = text; path = Triangle.svg; sourceTree = "<group>"; };
		040EB2BC2BB00D5E001ACF00 /* Inter-Regular.ttf */ = {isa = PBXFileReference; lastKnownFileType = file; path = "Inter-Regular.ttf"; sourceTree = "<group>"; };
		040EB2BD2BB00D5E001ACF00 /* Inter-SemiBold.ttf */ = {isa = PBXFileReference; lastKnownFileType = file; path = "Inter-SemiBold.ttf"; sourceTree = "<group>"; };
		040EB2BE2BB00D5E001ACF00 /* Poppins-Bold.ttf */ = {isa = PBXFileReference; lastKnownFileType = file; path = "Poppins-Bold.ttf"; sourceTree = "<group>"; };
		040EB2C62BB00DB1001ACF00 /* OnboardingView.swift */ = {isa = PBXFileReference; lastKnownFileType = sourcecode.swift; path = OnboardingView.swift; sourceTree = "<group>"; };
		040EB2C82BB0104B001ACF00 /* Info.plist */ = {isa = PBXFileReference; lastKnownFileType = text.plist; path = Info.plist; sourceTree = "<group>"; };
		040EB2C92BB0111F001ACF00 /* CustomFont.swift */ = {isa = PBXFileReference; lastKnownFileType = sourcecode.swift; path = CustomFont.swift; sourceTree = "<group>"; };
		040EB2CB2BB013DD001ACF00 /* SignInView.swift */ = {isa = PBXFileReference; lastKnownFileType = sourcecode.swift; path = SignInView.swift; sourceTree = "<group>"; };
		040EB2CD2BB015DF001ACF00 /* CustomTextField.swift */ = {isa = PBXFileReference; lastKnownFileType = sourcecode.swift; path = CustomTextField.swift; sourceTree = "<group>"; };
		040EB2CF2BB01960001ACF00 /* Extensions.swift */ = {isa = PBXFileReference; lastKnownFileType = sourcecode.swift; path = Extensions.swift; sourceTree = "<group>"; };
		040EB2E12BB037EC001ACF00 /* TabBar.swift */ = {isa = PBXFileReference; lastKnownFileType = sourcecode.swift; path = TabBar.swift; sourceTree = "<group>"; };
		040EB2E32BB170FD001ACF00 /* VCard.swift */ = {isa = PBXFileReference; lastKnownFileType = sourcecode.swift; path = VCard.swift; sourceTree = "<group>"; };
		040EB2E72BB177DF001ACF00 /* HCard.swift */ = {isa = PBXFileReference; lastKnownFileType = sourcecode.swift; path = HCard.swift; sourceTree = "<group>"; };
		040EB2E92BB17878001ACF00 /* HomeView.swift */ = {isa = PBXFileReference; lastKnownFileType = sourcecode.swift; path = HomeView.swift; sourceTree = "<group>"; };
		040EB2EB2BB17BF0001ACF00 /* SideMenu.swift */ = {isa = PBXFileReference; lastKnownFileType = sourcecode.swift; path = SideMenu.swift; sourceTree = "<group>"; };
		040EB2ED2BB1850D001ACF00 /* MenuRow.swift */ = {isa = PBXFileReference; lastKnownFileType = sourcecode.swift; path = MenuRow.swift; sourceTree = "<group>"; };
/* End PBXFileReference section */

/* Begin PBXFrameworksBuildPhase section */
		040EB28C2BAD892E001ACF00 /* Frameworks */ = {
			isa = PBXFrameworksBuildPhase;
			buildActionMask = 2147483647;
			files = (
				040EB2E02BB037AF001ACF00 /* RiveRuntime in Frameworks */,
			);
			runOnlyForDeploymentPostprocessing = 0;
		};
/* End PBXFrameworksBuildPhase section */

/* Begin PBXGroup section */
		040EB2862BAD892E001ACF00 = {
			isa = PBXGroup;
			children = (
				040EB2912BAD892E001ACF00 /* Rive */,
				040EB2902BAD892E001ACF00 /* Products */,
			);
			sourceTree = "<group>";
		};
		040EB2902BAD892E001ACF00 /* Products */ = {
			isa = PBXGroup;
			children = (
				040EB28F2BAD892E001ACF00 /* Rive.app */,
			);
			name = Products;
			sourceTree = "<group>";
		};
		040EB2912BAD892E001ACF00 /* Rive */ = {
			isa = PBXGroup;
			children = (
				040EB2C82BB0104B001ACF00 /* Info.plist */,
				040EB2A02BB00B46001ACF00 /* App */,
				040EB2D22BB02FFC001ACF00 /* Views */,
				040EB2D12BB02FF3001ACF00 /* Style */,
				040EB2BF2BB00D5E001ACF00 /* Fonts */,
				040EB2B82BB00D59001ACF00 /* SVG */,
				040EB2B22BB00D46001ACF00 /* Model */,
				040EB2A82BB00D3E001ACF00 /* RiveAssets */,
				040EB2962BAD8930001ACF00 /* Assets.xcassets */,
				040EB2982BAD8930001ACF00 /* Preview Content */,
			);
			path = Rive;
			sourceTree = "<group>";
		};
		040EB2982BAD8930001ACF00 /* Preview Content */ = {
			isa = PBXGroup;
			children = (
				040EB2992BAD8930001ACF00 /* Preview Assets.xcassets */,
			);
			path = "Preview Content";
			sourceTree = "<group>";
		};
		040EB2A02BB00B46001ACF00 /* App */ = {
			isa = PBXGroup;
			children = (
				040EB2922BAD892E001ACF00 /* RiveApp.swift */,
			);
			path = App;
			sourceTree = "<group>";
		};
		040EB2A82BB00D3E001ACF00 /* RiveAssets */ = {
			isa = PBXGroup;
			children = (
				040EB2A12BB00D3E001ACF00 /* button.riv */,
				040EB2A22BB00D3E001ACF00 /* check.riv */,
				040EB2A32BB00D3E001ACF00 /* confetti.riv */,
				040EB2A42BB00D3E001ACF00 /* house.riv */,
				040EB2A52BB00D3E001ACF00 /* icons.riv */,
				040EB2A62BB00D3E001ACF00 /* menu_button.riv */,
				040EB2A72BB00D3E001ACF00 /* shapes.riv */,
			);
			path = RiveAssets;
			sourceTree = "<group>";
		};
		040EB2B22BB00D46001ACF00 /* Model */ = {
			isa = PBXGroup;
			children = (
				040EB2B02BB00D46001ACF00 /* Course.swift */,
				040EB2B12BB00D46001ACF00 /* CourseSection.swift */,
			);
			path = Model;
			sourceTree = "<group>";
		};
		040EB2B82BB00D59001ACF00 /* SVG */ = {
			isa = PBXGroup;
			children = (
				040EB2B52BB00D59001ACF00 /* Circle.svg */,
				040EB2B62BB00D59001ACF00 /* Hexagon.svg */,
				040EB2B72BB00D59001ACF00 /* Triangle.svg */,
			);
			path = SVG;
			sourceTree = "<group>";
		};
		040EB2BF2BB00D5E001ACF00 /* Fonts */ = {
			isa = PBXGroup;
			children = (
				040EB2BC2BB00D5E001ACF00 /* Inter-Regular.ttf */,
				040EB2BD2BB00D5E001ACF00 /* Inter-SemiBold.ttf */,
				040EB2BE2BB00D5E001ACF00 /* Poppins-Bold.ttf */,
			);
			path = Fonts;
			sourceTree = "<group>";
		};
		040EB2D12BB02FF3001ACF00 /* Style */ = {
			isa = PBXGroup;
			children = (
				040EB2CF2BB01960001ACF00 /* Extensions.swift */,
				040EB2CD2BB015DF001ACF00 /* CustomTextField.swift */,
				040EB2C92BB0111F001ACF00 /* CustomFont.swift */,
			);
			path = Style;
			sourceTree = "<group>";
		};
		040EB2D22BB02FFC001ACF00 /* Views */ = {
			isa = PBXGroup;
			children = (
				040EB2942BAD892E001ACF00 /* ContentView.swift */,
				040EB2C62BB00DB1001ACF00 /* OnboardingView.swift */,
				040EB2CB2BB013DD001ACF00 /* SignInView.swift */,
				040EB2E12BB037EC001ACF00 /* TabBar.swift */,
				040EB2EB2BB17BF0001ACF00 /* SideMenu.swift */,
				040EB2ED2BB1850D001ACF00 /* MenuRow.swift */,
				040EB2E32BB170FD001ACF00 /* VCard.swift */,
				040EB2E72BB177DF001ACF00 /* HCard.swift */,
				040EB2E92BB17878001ACF00 /* HomeView.swift */,
			);
			path = Views;
			sourceTree = "<group>";
		};
/* End PBXGroup section */

/* Begin PBXNativeTarget section */
		040EB28E2BAD892E001ACF00 /* Rive */ = {
			isa = PBXNativeTarget;
			buildConfigurationList = 040EB29D2BAD8930001ACF00 /* Build configuration list for PBXNativeTarget "Rive" */;
			buildPhases = (
				040EB28B2BAD892E001ACF00 /* Sources */,
				040EB28C2BAD892E001ACF00 /* Frameworks */,
				040EB28D2BAD892E001ACF00 /* Resources */,
			);
			buildRules = (
			);
			dependencies = (
			);
			name = Rive;
			packageProductDependencies = (
				040EB2DF2BB037AF001ACF00 /* RiveRuntime */,
			);
			productName = Rive;
			productReference = 040EB28F2BAD892E001ACF00 /* Rive.app */;
			productType = "com.apple.product-type.application";
		};
/* End PBXNativeTarget section */

/* Begin PBXProject section */
		040EB2872BAD892E001ACF00 /* Project object */ = {
			isa = PBXProject;
			attributes = {
				BuildIndependentTargetsInParallel = 1;
				LastSwiftUpdateCheck = 1530;
				LastUpgradeCheck = 1530;
				TargetAttributes = {
					040EB28E2BAD892E001ACF00 = {
						CreatedOnToolsVersion = 15.3;
					};
				};
			};
			buildConfigurationList = 040EB28A2BAD892E001ACF00 /* Build configuration list for PBXProject "Rive" */;
			compatibilityVersion = "Xcode 14.0";
			developmentRegion = en;
			hasScannedForEncodings = 0;
			knownRegions = (
				en,
				Base,
			);
			mainGroup = 040EB2862BAD892E001ACF00;
			packageReferences = (
				040EB2DE2BB037AF001ACF00 /* XCRemoteSwiftPackageReference "rive-ios" */,
			);
			productRefGroup = 040EB2902BAD892E001ACF00 /* Products */;
			projectDirPath = "";
			projectRoot = "";
			targets = (
				040EB28E2BAD892E001ACF00 /* Rive */,
			);
		};
/* End PBXProject section */

/* Begin PBXResourcesBuildPhase section */
		040EB28D2BAD892E001ACF00 /* Resources */ = {
			isa = PBXResourcesBuildPhase;
			buildActionMask = 2147483647;
			files = (
				040EB2BB2BB00D59001ACF00 /* Triangle.svg in Resources */,
				040EB2A92BB00D3E001ACF00 /* button.riv in Resources */,
				040EB29A2BAD8930001ACF00 /* Preview Assets.xcassets in Resources */,
				040EB2AD2BB00D3E001ACF00 /* icons.riv in Resources */,
				040EB2AA2BB00D3E001ACF00 /* check.riv in Resources */,
				040EB2AF2BB00D3E001ACF00 /* shapes.riv in Resources */,
				040EB2C12BB00D5E001ACF00 /* Inter-SemiBold.ttf in Resources */,
				040EB2C22BB00D5E001ACF00 /* Poppins-Bold.ttf in Resources */,
				040EB2972BAD8930001ACF00 /* Assets.xcassets in Resources */,
				040EB2BA2BB00D59001ACF00 /* Hexagon.svg in Resources */,
				040EB2C02BB00D5E001ACF00 /* Inter-Regular.ttf in Resources */,
				040EB2B92BB00D59001ACF00 /* Circle.svg in Resources */,
				040EB2AC2BB00D3E001ACF00 /* house.riv in Resources */,
				040EB2AE2BB00D3E001ACF00 /* menu_button.riv in Resources */,
				040EB2AB2BB00D3E001ACF00 /* confetti.riv in Resources */,
			);
			runOnlyForDeploymentPostprocessing = 0;
		};
/* End PBXResourcesBuildPhase section */

/* Begin PBXSourcesBuildPhase section */
		040EB28B2BAD892E001ACF00 /* Sources */ = {
			isa = PBXSourcesBuildPhase;
			buildActionMask = 2147483647;
			files = (
				040EB2E82BB177DF001ACF00 /* HCard.swift in Sources */,
				040EB2B42BB00D46001ACF00 /* CourseSection.swift in Sources */,
				040EB2EA2BB17878001ACF00 /* HomeView.swift in Sources */,
				040EB2EC2BB17BF0001ACF00 /* SideMenu.swift in Sources */,
				040EB2D02BB01960001ACF00 /* Extensions.swift in Sources */,
				040EB2CC2BB013DD001ACF00 /* SignInView.swift in Sources */,
				040EB2B32BB00D46001ACF00 /* Course.swift in Sources */,
				040EB2952BAD892E001ACF00 /* ContentView.swift in Sources */,
				040EB2E42BB170FD001ACF00 /* VCard.swift in Sources */,
				040EB2CE2BB015DF001ACF00 /* CustomTextField.swift in Sources */,
				040EB2CA2BB0111F001ACF00 /* CustomFont.swift in Sources */,
				040EB2C72BB00DB1001ACF00 /* OnboardingView.swift in Sources */,
				040EB2932BAD892E001ACF00 /* RiveApp.swift in Sources */,
				040EB2E22BB037EC001ACF00 /* TabBar.swift in Sources */,
				040EB2EE2BB1850D001ACF00 /* MenuRow.swift in Sources */,
			);
			runOnlyForDeploymentPostprocessing = 0;
		};
/* End PBXSourcesBuildPhase section */

/* Begin XCBuildConfiguration section */
		040EB29B2BAD8930001ACF00 /* Debug */ = {
			isa = XCBuildConfiguration;
			buildSettings = {
				ALWAYS_SEARCH_USER_PATHS = NO;
				ASSETCATALOG_COMPILER_GENERATE_SWIFT_ASSET_SYMBOL_EXTENSIONS = YES;
				CLANG_ANALYZER_NONNULL = YES;
				CLANG_ANALYZER_NUMBER_OBJECT_CONVERSION = YES_AGGRESSIVE;
				CLANG_CXX_LANGUAGE_STANDARD = "gnu++20";
				CLANG_ENABLE_MODULES = YES;
				CLANG_ENABLE_OBJC_ARC = YES;
				CLANG_ENABLE_OBJC_WEAK = YES;
				CLANG_WARN_BLOCK_CAPTURE_AUTORELEASING = YES;
				CLANG_WARN_BOOL_CONVERSION = YES;
				CLANG_WARN_COMMA = YES;
				CLANG_WARN_CONSTANT_CONVERSION = YES;
				CLANG_WARN_DEPRECATED_OBJC_IMPLEMENTATIONS = YES;
				CLANG_WARN_DIRECT_OBJC_ISA_USAGE = YES_ERROR;
				CLANG_WARN_DOCUMENTATION_COMMENTS = YES;
				CLANG_WARN_EMPTY_BODY = YES;
				CLANG_WARN_ENUM_CONVERSION = YES;
				CLANG_WARN_INFINITE_RECURSION = YES;
				CLANG_WARN_INT_CONVERSION = YES;
				CLANG_WARN_NON_LITERAL_NULL_CONVERSION = YES;
				CLANG_WARN_OBJC_IMPLICIT_RETAIN_SELF = YES;
				CLANG_WARN_OBJC_LITERAL_CONVERSION = YES;
				CLANG_WARN_OBJC_ROOT_CLASS = YES_ERROR;
				CLANG_WARN_QUOTED_INCLUDE_IN_FRAMEWORK_HEADER = YES;
				CLANG_WARN_RANGE_LOOP_ANALYSIS = YES;
				CLANG_WARN_STRICT_PROTOTYPES = YES;
				CLANG_WARN_SUSPICIOUS_MOVE = YES;
				CLANG_WARN_UNGUARDED_AVAILABILITY = YES_AGGRESSIVE;
				CLANG_WARN_UNREACHABLE_CODE = YES;
				CLANG_WARN__DUPLICATE_METHOD_MATCH = YES;
				COPY_PHASE_STRIP = NO;
				DEBUG_INFORMATION_FORMAT = dwarf;
				ENABLE_STRICT_OBJC_MSGSEND = YES;
				ENABLE_TESTABILITY = YES;
				ENABLE_USER_SCRIPT_SANDBOXING = YES;
				GCC_C_LANGUAGE_STANDARD = gnu17;
				GCC_DYNAMIC_NO_PIC = NO;
				GCC_NO_COMMON_BLOCKS = YES;
				GCC_OPTIMIZATION_LEVEL = 0;
				GCC_PREPROCESSOR_DEFINITIONS = (
					"DEBUG=1",
					"$(inherited)",
				);
				GCC_WARN_64_TO_32_BIT_CONVERSION = YES;
				GCC_WARN_ABOUT_RETURN_TYPE = YES_ERROR;
				GCC_WARN_UNDECLARED_SELECTOR = YES;
				GCC_WARN_UNINITIALIZED_AUTOS = YES_AGGRESSIVE;
				GCC_WARN_UNUSED_FUNCTION = YES;
				GCC_WARN_UNUSED_VARIABLE = YES;
				IPHONEOS_DEPLOYMENT_TARGET = 17.4;
				LOCALIZATION_PREFERS_STRING_CATALOGS = YES;
				MTL_ENABLE_DEBUG_INFO = INCLUDE_SOURCE;
				MTL_FAST_MATH = YES;
				ONLY_ACTIVE_ARCH = YES;
				SDKROOT = iphoneos;
				SWIFT_ACTIVE_COMPILATION_CONDITIONS = "DEBUG $(inherited)";
				SWIFT_OPTIMIZATION_LEVEL = "-Onone";
			};
			name = Debug;
		};
		040EB29C2BAD8930001ACF00 /* Release */ = {
			isa = XCBuildConfiguration;
			buildSettings = {
				ALWAYS_SEARCH_USER_PATHS = NO;
				ASSETCATALOG_COMPILER_GENERATE_SWIFT_ASSET_SYMBOL_EXTENSIONS = YES;
				CLANG_ANALYZER_NONNULL = YES;
				CLANG_ANALYZER_NUMBER_OBJECT_CONVERSION = YES_AGGRESSIVE;
				CLANG_CXX_LANGUAGE_STANDARD = "gnu++20";
				CLANG_ENABLE_MODULES = YES;
				CLANG_ENABLE_OBJC_ARC = YES;
				CLANG_ENABLE_OBJC_WEAK = YES;
				CLANG_WARN_BLOCK_CAPTURE_AUTORELEASING = YES;
				CLANG_WARN_BOOL_CONVERSION = YES;
				CLANG_WARN_COMMA = YES;
				CLANG_WARN_CONSTANT_CONVERSION = YES;
				CLANG_WARN_DEPRECATED_OBJC_IMPLEMENTATIONS = YES;
				CLANG_WARN_DIRECT_OBJC_ISA_USAGE = YES_ERROR;
				CLANG_WARN_DOCUMENTATION_COMMENTS = YES;
				CLANG_WARN_EMPTY_BODY = YES;
				CLANG_WARN_ENUM_CONVERSION = YES;
				CLANG_WARN_INFINITE_RECURSION = YES;
				CLANG_WARN_INT_CONVERSION = YES;
				CLANG_WARN_NON_LITERAL_NULL_CONVERSION = YES;
				CLANG_WARN_OBJC_IMPLICIT_RETAIN_SELF = YES;
				CLANG_WARN_OBJC_LITERAL_CONVERSION = YES;
				CLANG_WARN_OBJC_ROOT_CLASS = YES_ERROR;
				CLANG_WARN_QUOTED_INCLUDE_IN_FRAMEWORK_HEADER = YES;
				CLANG_WARN_RANGE_LOOP_ANALYSIS = YES;
				CLANG_WARN_STRICT_PROTOTYPES = YES;
				CLANG_WARN_SUSPICIOUS_MOVE = YES;
				CLANG_WARN_UNGUARDED_AVAILABILITY = YES_AGGRESSIVE;
				CLANG_WARN_UNREACHABLE_CODE = YES;
				CLANG_WARN__DUPLICATE_METHOD_MATCH = YES;
				COPY_PHASE_STRIP = NO;
				DEBUG_INFORMATION_FORMAT = "dwarf-with-dsym";
				ENABLE_NS_ASSERTIONS = NO;
				ENABLE_STRICT_OBJC_MSGSEND = YES;
				ENABLE_USER_SCRIPT_SANDBOXING = YES;
				GCC_C_LANGUAGE_STANDARD = gnu17;
				GCC_NO_COMMON_BLOCKS = YES;
				GCC_WARN_64_TO_32_BIT_CONVERSION = YES;
				GCC_WARN_ABOUT_RETURN_TYPE = YES_ERROR;
				GCC_WARN_UNDECLARED_SELECTOR = YES;
				GCC_WARN_UNINITIALIZED_AUTOS = YES_AGGRESSIVE;
				GCC_WARN_UNUSED_FUNCTION = YES;
				GCC_WARN_UNUSED_VARIABLE = YES;
				IPHONEOS_DEPLOYMENT_TARGET = 17.4;
				LOCALIZATION_PREFERS_STRING_CATALOGS = YES;
				MTL_ENABLE_DEBUG_INFO = NO;
				MTL_FAST_MATH = YES;
				SDKROOT = iphoneos;
				SWIFT_COMPILATION_MODE = wholemodule;
				VALIDATE_PRODUCT = YES;
			};
			name = Release;
		};
		040EB29E2BAD8930001ACF00 /* Debug */ = {
			isa = XCBuildConfiguration;
			buildSettings = {
				ASSETCATALOG_COMPILER_APPICON_NAME = AppIcon;
				ASSETCATALOG_COMPILER_GLOBAL_ACCENT_COLOR_NAME = AccentColor;
				CODE_SIGN_STYLE = Automatic;
				CURRENT_PROJECT_VERSION = 1;
				DEVELOPMENT_ASSET_PATHS = "\"Rive/Preview Content\"";
				DEVELOPMENT_TEAM = ZC8Z8DCUY6;
				ENABLE_PREVIEWS = YES;
				GENERATE_INFOPLIST_FILE = YES;
				INFOPLIST_FILE = Rive/Info.plist;
				INFOPLIST_KEY_UIApplicationSceneManifest_Generation = YES;
				INFOPLIST_KEY_UIApplicationSupportsIndirectInputEvents = YES;
				INFOPLIST_KEY_UILaunchScreen_Generation = YES;
				INFOPLIST_KEY_UISupportedInterfaceOrientations_iPad = "UIInterfaceOrientationPortrait UIInterfaceOrientationPortraitUpsideDown UIInterfaceOrientationLandscapeLeft UIInterfaceOrientationLandscapeRight";
				INFOPLIST_KEY_UISupportedInterfaceOrientations_iPhone = "UIInterfaceOrientationPortrait UIInterfaceOrientationLandscapeLeft UIInterfaceOrientationLandscapeRight";
				LD_RUNPATH_SEARCH_PATHS = (
					"$(inherited)",
					"@executable_path/Frameworks",
				);
				MARKETING_VERSION = 1.0;
				PRODUCT_BUNDLE_IDENTIFIER = com.bisckoot.Rive;
				PRODUCT_NAME = "$(TARGET_NAME)";
				SWIFT_EMIT_LOC_STRINGS = YES;
				SWIFT_VERSION = 5.0;
				TARGETED_DEVICE_FAMILY = "1,2";
			};
			name = Debug;
		};
		040EB29F2BAD8930001ACF00 /* Release */ = {
			isa = XCBuildConfiguration;
			buildSettings = {
				ASSETCATALOG_COMPILER_APPICON_NAME = AppIcon;
				ASSETCATALOG_COMPILER_GLOBAL_ACCENT_COLOR_NAME = AccentColor;
				CODE_SIGN_STYLE = Automatic;
				CURRENT_PROJECT_VERSION = 1;
				DEVELOPMENT_ASSET_PATHS = "\"Rive/Preview Content\"";
				DEVELOPMENT_TEAM = ZC8Z8DCUY6;
				ENABLE_PREVIEWS = YES;
				GENERATE_INFOPLIST_FILE = YES;
				INFOPLIST_FILE = Rive/Info.plist;
				INFOPLIST_KEY_UIApplicationSceneManifest_Generation = YES;
				INFOPLIST_KEY_UIApplicationSupportsIndirectInputEvents = YES;
				INFOPLIST_KEY_UILaunchScreen_Generation = YES;
				INFOPLIST_KEY_UISupportedInterfaceOrientations_iPad = "UIInterfaceOrientationPortrait UIInterfaceOrientationPortraitUpsideDown UIInterfaceOrientationLandscapeLeft UIInterfaceOrientationLandscapeRight";
				INFOPLIST_KEY_UISupportedInterfaceOrientations_iPhone = "UIInterfaceOrientationPortrait UIInterfaceOrientationLandscapeLeft UIInterfaceOrientationLandscapeRight";
				LD_RUNPATH_SEARCH_PATHS = (
					"$(inherited)",
					"@executable_path/Frameworks",
				);
				MARKETING_VERSION = 1.0;
				PRODUCT_BUNDLE_IDENTIFIER = com.bisckoot.Rive;
				PRODUCT_NAME = "$(TARGET_NAME)";
				SWIFT_EMIT_LOC_STRINGS = YES;
				SWIFT_VERSION = 5.0;
				TARGETED_DEVICE_FAMILY = "1,2";
			};
			name = Release;
		};
/* End XCBuildConfiguration section */

/* Begin XCConfigurationList section */
		040EB28A2BAD892E001ACF00 /* Build configuration list for PBXProject "Rive" */ = {
			isa = XCConfigurationList;
			buildConfigurations = (
				040EB29B2BAD8930001ACF00 /* Debug */,
				040EB29C2BAD8930001ACF00 /* Release */,
			);
			defaultConfigurationIsVisible = 0;
			defaultConfigurationName = Release;
		};
		040EB29D2BAD8930001ACF00 /* Build configuration list for PBXNativeTarget "Rive" */ = {
			isa = XCConfigurationList;
			buildConfigurations = (
				040EB29E2BAD8930001ACF00 /* Debug */,
				040EB29F2BAD8930001ACF00 /* Release */,
			);
			defaultConfigurationIsVisible = 0;
			defaultConfigurationName = Release;
		};
/* End XCConfigurationList section */

/* Begin XCRemoteSwiftPackageReference section */
		040EB2DE2BB037AF001ACF00 /* XCRemoteSwiftPackageReference "rive-ios" */ = {
			isa = XCRemoteSwiftPackageReference;
			repositoryURL = "https://github.com/rive-app/rive-ios.git";
			requirement = {
				kind = upToNextMajorVersion;
				minimumVersion = 5.9.1;
			};
		};
/* End XCRemoteSwiftPackageReference section */

/* Begin XCSwiftPackageProductDependency section */
		040EB2DF2BB037AF001ACF00 /* RiveRuntime */ = {
			isa = XCSwiftPackageProductDependency;
			package = 040EB2DE2BB037AF001ACF00 /* XCRemoteSwiftPackageReference "rive-ios" */;
			productName = RiveRuntime;
		};
/* End XCSwiftPackageProductDependency section */
	};
	rootObject = 040EB2872BAD892E001ACF00 /* Project object */;
}
